// !$*UTF8*$!
{
	archiveVersion = 1;
	classes = {
	};
	objectVersion = 77;
	objects = {

/* Begin PBXBuildFile section */
		00858D2D2AAAB084FAE5B6F1 /* TimelineView.swift in Sources */ = {isa = PBXBuildFile; fileRef = 14F6A58B35CC45E975FBC588 /* TimelineView.swift */; };
		08657BC986D100C7B3F57DEA /* DebugAuth.swift in Sources */ = {isa = PBXBuildFile; fileRef = BA6EA336A6452F24FB5DAC8E /* DebugAuth.swift */; };
		0C94EC3417661DD54515D1C7 /* ScheduleStripView.swift in Sources */ = {isa = PBXBuildFile; fileRef = 016BE8196E49B913F0050A0F /* ScheduleStripView.swift */; };
		165CF9056F06AB6A625CF89C /* ProfileMenuSheet.swift in Sources */ = {isa = PBXBuildFile; fileRef = 2C9ECAECD87FA6EC473542CE /* ProfileMenuSheet.swift */; };
		19D4DAEEEE9A719DCEC7B31F /* DateFormatting.swift in Sources */ = {isa = PBXBuildFile; fileRef = 3664B38B5950CB5B75CF66BF /* DateFormatting.swift */; };
		1C14B6E345DEBE8847E9C5B8 /* SignInView.swift in Sources */ = {isa = PBXBuildFile; fileRef = FFAA6A3A9295F34782002C64 /* SignInView.swift */; };
		20D42EFDD419A10C3EFB3F22 /* DTOs.swift in Sources */ = {isa = PBXBuildFile; fileRef = 76DABD1D9959D5B47FF1F2AF /* DTOs.swift */; };
		22D3F3A459353D91423F53F9 /* AuthService.swift in Sources */ = {isa = PBXBuildFile; fileRef = CA0D016A6E8FAAC7A7465B28 /* AuthService.swift */; };
		23A655A39FDFB9F68914E2CD /* PlayerListView.swift in Sources */ = {isa = PBXBuildFile; fileRef = 796C90DE79114D10A2A9C48F /* PlayerListView.swift */; };
		2515717BE346CDFB3E25B9DC /* APIError.swift in Sources */ = {isa = PBXBuildFile; fileRef = 75BD8523CE3798434A447923 /* APIError.swift */; };
		26383E81BED87E250ECACB0B /* SettingsView.swift in Sources */ = {isa = PBXBuildFile; fileRef = 6EAA16931681674D75171D1C /* SettingsView.swift */; };
		2819CB8C07935F8521876AB7 /* FoodOption.swift in Sources */ = {isa = PBXBuildFile; fileRef = 63A8963D6167FAD62CA951AE /* FoodOption.swift */; };
		2920D9C0EC80DD967DC708AE /* NextActionCard.swift in Sources */ = {isa = PBXBuildFile; fileRef = 87AE661B091859A7E90E4C6A /* NextActionCard.swift */; };
		2AA01CAF4D5BDAC4010362F0 /* VenueSearchViewModel.swift in Sources */ = {isa = PBXBuildFile; fileRef = 14AD865505C2D57B7FD200FE /* VenueSearchViewModel.swift */; };
		397694D5FB5BA9A45705FAAC /* FoodOptionDetailSheet.swift in Sources */ = {isa = PBXBuildFile; fileRef = 9955DC10D597BB485D282CDF /* FoodOptionDetailSheet.swift */; };
		3E6C828C968501222BF5227C /* Match.swift in Sources */ = {isa = PBXBuildFile; fileRef = 2FEF49588955B05641B5EE27 /* Match.swift */; };
		42DD6CB67DB7F41B2A5EBE82 /* DurationFormatting.swift in Sources */ = {isa = PBXBuildFile; fileRef = 02E962C38D7B7C3D6EE1F7F9 /* DurationFormatting.swift */; };
		45C6AA1C7A8DAD4F0650A4F4 /* AddPlayerSheet.swift in Sources */ = {isa = PBXBuildFile; fileRef = 0C49F91D165336D014FD7AD0 /* AddPlayerSheet.swift */; };
		49F5D0C77D8EF04341F37CA5 /* WeatherSheet.swift in Sources */ = {isa = PBXBuildFile; fileRef = 922C1380076B2C68DB6A93B7 /* WeatherSheet.swift */; };
		4D6CC455A4188B1593FE356E /* FoodOptionDeck.swift in Sources */ = {isa = PBXBuildFile; fileRef = 6875C4796F43648E1662DF99 /* FoodOptionDeck.swift */; };
		4DDC6A6679CE7E28FA9E54A3 /* PostMatchEvaluationView.swift in Sources */ = {isa = PBXBuildFile; fileRef = C49C12C1856F7C3097410319 /* PostMatchEvaluationView.swift */; };
		53633148B95912E6B5B3710B /* HeaderBubbleRow.swift in Sources */ = {isa = PBXBuildFile; fileRef = 127C059AB0E156D9BFF01D52 /* HeaderBubbleRow.swift */; };
		5547E735DB3706C7244A7034 /* PlanExplanation.swift in Sources */ = {isa = PBXBuildFile; fileRef = 604200C03C727C2AD4A3F47E /* PlanExplanation.swift */; };
		594BAD918395739BC5EE0F4D /* FoodSuggestions.swift in Sources */ = {isa = PBXBuildFile; fileRef = 167554474528A5A9A530B387 /* FoodSuggestions.swift */; };
		5C3C77FEAE066B90F5AB2AAB /* PlayFuelApp.swift in Sources */ = {isa = PBXBuildFile; fileRef = AE76F905584434E9D20721B7 /* PlayFuelApp.swift */; };
		5E407EEDF104F778EBEF8F59 /* PostMatchEvaluationForm.swift in Sources */ = {isa = PBXBuildFile; fileRef = 22268F84EF76CABF3D6820A4 /* PostMatchEvaluationForm.swift */; };
		6115DE510C6D96BC011BF18C /* Plan.swift in Sources */ = {isa = PBXBuildFile; fileRef = 85B0D0628C8AC1E5CB21A121 /* Plan.swift */; };
		66FFF482497A46309998BE6A /* PlanEnvelope.swift in Sources */ = {isa = PBXBuildFile; fileRef = EA04910F6D82636BBE65BCD8 /* PlanEnvelope.swift */; };
		6F4ECC8433D370F74FD06163 /* Player.swift in Sources */ = {isa = PBXBuildFile; fileRef = 862CADD50A9CC07C2D119E36 /* Player.swift */; };
		70762A9A6832EF3E24E150ED /* APIClient.swift in Sources */ = {isa = PBXBuildFile; fileRef = A90EDC8DE31DF2989BEB0A3E /* APIClient.swift */; };
		78A360B065D2EED8FA426E92 /* Repository.swift in Sources */ = {isa = PBXBuildFile; fileRef = EC59EB7BC5AA3895B189FBF0 /* Repository.swift */; };
		7BCACE5DEF66F8FC3EA7A502 /* MatchType.swift in Sources */ = {isa = PBXBuildFile; fileRef = 6D96F83E7074B58BC6365756 /* MatchType.swift */; };
		7BF953FBC0667E5534DB79DE /* MatchEvalResult.swift in Sources */ = {isa = PBXBuildFile; fileRef = 9E2B10F17E16DE736E6B5A59 /* MatchEvalResult.swift */; };
		7E3B9CBD99D512F8AD4C03F8 /* HardCodedStrings.swift in Sources */ = {isa = PBXBuildFile; fileRef = 5F7C90C7F8361AD719882689 /* HardCodedStrings.swift */; };
		801F71E80E53509C97C1D48E /* PlayerDetailView.swift in Sources */ = {isa = PBXBuildFile; fileRef = 1CA25A481D0E08A294CA9AE4 /* PlayerDetailView.swift */; };
		8182B00AFEBC06AF8344B44F /* CalendarMonthGrid.swift in Sources */ = {isa = PBXBuildFile; fileRef = A9B7931432AD11CC2E5F6FB1 /* CalendarMonthGrid.swift */; };
		87627F03F9204B08F2A8C970 /* ScenarioCardView.swift in Sources */ = {isa = PBXBuildFile; fileRef = C54BACD0249D1B9D78BC7177 /* ScenarioCardView.swift */; };
		892D3B685B34014072BEE9FE /* Assets.xcassets in Resources */ = {isa = PBXBuildFile; fileRef = C0F3B51EFA4B3E46BB9BB003 /* Assets.xcassets */; };
		89F13257D22AE3296DFCC17B /* MatchEvaluation.swift in Sources */ = {isa = PBXBuildFile; fileRef = 14898B66B18811D2A1DDB799 /* MatchEvaluation.swift */; };
		8B49A41A78A8D0FE27E2983A /* DashboardView.swift in Sources */ = {isa = PBXBuildFile; fileRef = D8B8C49E5F68715067FCA8A2 /* DashboardView.swift */; };
		951C2F103A97104D13602E36 /* HeaderBubble.swift in Sources */ = {isa = PBXBuildFile; fileRef = 2DE823954C7D97BDD460461A /* HeaderBubble.swift */; };
		9AC09ABC0BC199E58F64FCCF /* AddPlayerNoteSheet.swift in Sources */ = {isa = PBXBuildFile; fileRef = 522024181581E218BCF78B84 /* AddPlayerNoteSheet.swift */; };
		9F13CB35D1297C00EF2B82E7 /* PlanSummaryCard.swift in Sources */ = {isa = PBXBuildFile; fileRef = 30B0C6A0B70E723E8BA64E6D /* PlanSummaryCard.swift */; };
		A40238D231C23EA61E02A1D5 /* Tournament.swift in Sources */ = {isa = PBXBuildFile; fileRef = D79888F3E040BD239741B1D5 /* Tournament.swift */; };
		AB4AD8483F9892622D4AAD1C /* VenueMapSheet.swift in Sources */ = {isa = PBXBuildFile; fileRef = ACAA8888F2AD6600C40071F4 /* VenueMapSheet.swift */; };
		AD64452F4938CC50EAFAB031 /* WeatherSnapshot.swift in Sources */ = {isa = PBXBuildFile; fileRef = 0F4040044218FFA05AEED04B /* WeatherSnapshot.swift */; };
		ADF44C64562D35C64E107F79 /* TimelineEvent.swift in Sources */ = {isa = PBXBuildFile; fileRef = 796A0EDD57748854929E6897 /* TimelineEvent.swift */; };
		B0F7DB227B03E0F881D70FEB /* PlanSummarySheet.swift in Sources */ = {isa = PBXBuildFile; fileRef = CA7E7E4D672B8D8EF7796C33 /* PlanSummarySheet.swift */; };
		B140B06C66624EEFECF166DD /* MatchCreateView.swift in Sources */ = {isa = PBXBuildFile; fileRef = 499C95E4DF0C4C4D64ABB501 /* MatchCreateView.swift */; };
		B48E8CF5C50296DC00C411DF /* User.swift in Sources */ = {isa = PBXBuildFile; fileRef = AB91EF7D1C39218BE3F841E3 /* User.swift */; };
		B612304F8385D746BAB63507 /* ScenarioPlan.swift in Sources */ = {isa = PBXBuildFile; fileRef = 438A0DE1A7A9004AAFDE9E5F /* ScenarioPlan.swift */; };
		B814A0A0B5FD265771CD010E /* Configuration.swift in Sources */ = {isa = PBXBuildFile; fileRef = 4721B1139B643E63A8FB6C01 /* Configuration.swift */; };
		B950B014A8C2B645EC8B22E6 /* PlayerNoteSource.swift in Sources */ = {isa = PBXBuildFile; fileRef = 47C8596568CE9349627D7104 /* PlayerNoteSource.swift */; };
		BAE452A692D9D36BF40BA429 /* DisclaimerView.swift in Sources */ = {isa = PBXBuildFile; fileRef = A7B07537E35072C03DA3414D /* DisclaimerView.swift */; };
		BF90BA9A227446C650B84BBC /* EmergencyBanner.swift in Sources */ = {isa = PBXBuildFile; fileRef = 97EE09FACD903FC03D6523BF /* EmergencyBanner.swift */; };
		C6DC4150F2A321008A3FA599 /* TournamentHistoryDetailSheet.swift in Sources */ = {isa = PBXBuildFile; fileRef = 991155E14F8B59AFBB8A3C68 /* TournamentHistoryDetailSheet.swift */; };
		C73979F344F37C5E277C5CB4 /* EmergencyStrip.swift in Sources */ = {isa = PBXBuildFile; fileRef = 02642E8F6B04C5CAF8B4C451 /* EmergencyStrip.swift */; };
		C8152FEEA136107F0A89857E /* PlayerNote.swift in Sources */ = {isa = PBXBuildFile; fileRef = 69BBF845F5375EDF3A918595 /* PlayerNote.swift */; };
		C9C3763641655A80CF6B6738 /* MatchDetailView.swift in Sources */ = {isa = PBXBuildFile; fileRef = B4CA646C436B2CBFBB301918 /* MatchDetailView.swift */; };
		CA3285505E0E15A784AF51FE /* TournamentCreateView.swift in Sources */ = {isa = PBXBuildFile; fileRef = 53B03D40B2468D26075E6590 /* TournamentCreateView.swift */; };
		D3E6C151169F080F6D22709E /* FoodCardView.swift in Sources */ = {isa = PBXBuildFile; fileRef = 733A9D96157E16CBB306C4EC /* FoodCardView.swift */; };
		D80D0DD80AA05237B50B4F1E /* KeychainStore.swift in Sources */ = {isa = PBXBuildFile; fileRef = AB7090F3FCDB10326A70336B /* KeychainStore.swift */; };
		D9232DFF26652638DC77BAEE /* NextAction.swift in Sources */ = {isa = PBXBuildFile; fileRef = 70BF0082191F5875F4925374 /* NextAction.swift */; };
		D95F7A194211A1EBF8B76B70 /* HeatGuidanceSheet.swift in Sources */ = {isa = PBXBuildFile; fileRef = BF17BA3D5E76F4AF68C9C330 /* HeatGuidanceSheet.swift */; };
		DA01C6EF112E562C54A53462 /* Endpoints.swift in Sources */ = {isa = PBXBuildFile; fileRef = 0CD5E9D4E0FA822FA31182B2 /* Endpoints.swift */; };
		E02994AE32CE3A6CB4DFCD83 /* FakeData.swift in Sources */ = {isa = PBXBuildFile; fileRef = 7E1765305F0E1FFE9661C32E /* FakeData.swift */; };
		E18EBD023A7B6F06606D1C78 /* AppState.swift in Sources */ = {isa = PBXBuildFile; fileRef = DE33ACDB9D45D319F859366D /* AppState.swift */; };
		ED783DB00779757DDC31488C /* WeatherCardView.swift in Sources */ = {isa = PBXBuildFile; fileRef = 6F52B449265DCBA14E961E95 /* WeatherCardView.swift */; };
		F08AB6386E9B428415CFACEE /* FakeHistoryData.swift in Sources */ = {isa = PBXBuildFile; fileRef = 7AA1056118881B500B10D7BB /* FakeHistoryData.swift */; };
		F4934C69B355BA6AEB2D58FF /* TournamentHistoryEntry.swift in Sources */ = {isa = PBXBuildFile; fileRef = 425EE5CF82673E4481137A43 /* TournamentHistoryEntry.swift */; };
		F595DE549B9CF77D38C5A898 /* TournamentDashboardView.swift in Sources */ = {isa = PBXBuildFile; fileRef = E1BCAB0EA5098BFC15601319 /* TournamentDashboardView.swift */; };
		FFAF17FE91EC910ABF295107 /* TournamentListView.swift in Sources */ = {isa = PBXBuildFile; fileRef = A30AE19CFED4698BCC9E569E /* TournamentListView.swift */; };
		FB7A0002FB0002FB0002FB02 /* TournamentFeedback.swift in Sources */ = {isa = PBXBuildFile; fileRef = FB7A0001FB0001FB0001FB01 /* TournamentFeedback.swift */; };
		FB7A0004FB0004FB0004FB04 /* FeedbackChipVocab.swift in Sources */ = {isa = PBXBuildFile; fileRef = FB7A0003FB0003FB0003FB03 /* FeedbackChipVocab.swift */; };
		FB7A0006FB0006FB0006FB06 /* TournamentFeedbackView.swift in Sources */ = {isa = PBXBuildFile; fileRef = FB7A0005FB0005FB0005FB05 /* TournamentFeedbackView.swift */; };
/* End PBXBuildFile section */

/* Begin PBXFileReference section */
		016BE8196E49B913F0050A0F /* ScheduleStripView.swift */ = {isa = PBXFileReference; lastKnownFileType = sourcecode.swift; path = ScheduleStripView.swift; sourceTree = "<group>"; };
		02642E8F6B04C5CAF8B4C451 /* EmergencyStrip.swift */ = {isa = PBXFileReference; lastKnownFileType = sourcecode.swift; path = EmergencyStrip.swift; sourceTree = "<group>"; };
		02E962C38D7B7C3D6EE1F7F9 /* DurationFormatting.swift */ = {isa = PBXFileReference; lastKnownFileType = sourcecode.swift; path = DurationFormatting.swift; sourceTree = "<group>"; };
		0C49F91D165336D014FD7AD0 /* AddPlayerSheet.swift */ = {isa = PBXFileReference; lastKnownFileType = sourcecode.swift; path = AddPlayerSheet.swift; sourceTree = "<group>"; };
		0CD5E9D4E0FA822FA31182B2 /* Endpoints.swift */ = {isa = PBXFileReference; lastKnownFileType = sourcecode.swift; path = Endpoints.swift; sourceTree = "<group>"; };
		0F4040044218FFA05AEED04B /* WeatherSnapshot.swift */ = {isa = PBXFileReference; lastKnownFileType = sourcecode.swift; path = WeatherSnapshot.swift; sourceTree = "<group>"; };
		127C059AB0E156D9BFF01D52 /* HeaderBubbleRow.swift */ = {isa = PBXFileReference; lastKnownFileType = sourcecode.swift; path = HeaderBubbleRow.swift; sourceTree = "<group>"; };
		136FAA9B0E2AACEC604CF6F4 /* PlayFuel.app */ = {isa = PBXFileReference; includeInIndex = 0; lastKnownFileType = wrapper.application; path = PlayFuel.app; sourceTree = BUILT_PRODUCTS_DIR; };
		14898B66B18811D2A1DDB799 /* MatchEvaluation.swift */ = {isa = PBXFileReference; lastKnownFileType = sourcecode.swift; path = MatchEvaluation.swift; sourceTree = "<group>"; };
		14AD865505C2D57B7FD200FE /* VenueSearchViewModel.swift */ = {isa = PBXFileReference; lastKnownFileType = sourcecode.swift; path = VenueSearchViewModel.swift; sourceTree = "<group>"; };
		14F6A58B35CC45E975FBC588 /* TimelineView.swift */ = {isa = PBXFileReference; lastKnownFileType = sourcecode.swift; path = TimelineView.swift; sourceTree = "<group>"; };
		167554474528A5A9A530B387 /* FoodSuggestions.swift */ = {isa = PBXFileReference; lastKnownFileType = sourcecode.swift; path = FoodSuggestions.swift; sourceTree = "<group>"; };
		1CA25A481D0E08A294CA9AE4 /* PlayerDetailView.swift */ = {isa = PBXFileReference; lastKnownFileType = sourcecode.swift; path = PlayerDetailView.swift; sourceTree = "<group>"; };
		22268F84EF76CABF3D6820A4 /* PostMatchEvaluationForm.swift */ = {isa = PBXFileReference; lastKnownFileType = sourcecode.swift; path = PostMatchEvaluationForm.swift; sourceTree = "<group>"; };
		2C9ECAECD87FA6EC473542CE /* ProfileMenuSheet.swift */ = {isa = PBXFileReference; lastKnownFileType = sourcecode.swift; path = ProfileMenuSheet.swift; sourceTree = "<group>"; };
		2DE823954C7D97BDD460461A /* HeaderBubble.swift */ = {isa = PBXFileReference; lastKnownFileType = sourcecode.swift; path = HeaderBubble.swift; sourceTree = "<group>"; };
		2FEF49588955B05641B5EE27 /* Match.swift */ = {isa = PBXFileReference; lastKnownFileType = sourcecode.swift; path = Match.swift; sourceTree = "<group>"; };
		30B0C6A0B70E723E8BA64E6D /* PlanSummaryCard.swift */ = {isa = PBXFileReference; lastKnownFileType = sourcecode.swift; path = PlanSummaryCard.swift; sourceTree = "<group>"; };
		3664B38B5950CB5B75CF66BF /* DateFormatting.swift */ = {isa = PBXFileReference; lastKnownFileType = sourcecode.swift; path = DateFormatting.swift; sourceTree = "<group>"; };
		425EE5CF82673E4481137A43 /* TournamentHistoryEntry.swift */ = {isa = PBXFileReference; lastKnownFileType = sourcecode.swift; path = TournamentHistoryEntry.swift; sourceTree = "<group>"; };
		438A0DE1A7A9004AAFDE9E5F /* ScenarioPlan.swift */ = {isa = PBXFileReference; lastKnownFileType = sourcecode.swift; path = ScenarioPlan.swift; sourceTree = "<group>"; };
		4721B1139B643E63A8FB6C01 /* Configuration.swift */ = {isa = PBXFileReference; lastKnownFileType = sourcecode.swift; path = Configuration.swift; sourceTree = "<group>"; };
		47C8596568CE9349627D7104 /* PlayerNoteSource.swift */ = {isa = PBXFileReference; lastKnownFileType = sourcecode.swift; path = PlayerNoteSource.swift; sourceTree = "<group>"; };
		499C95E4DF0C4C4D64ABB501 /* MatchCreateView.swift */ = {isa = PBXFileReference; lastKnownFileType = sourcecode.swift; path = MatchCreateView.swift; sourceTree = "<group>"; };
		522024181581E218BCF78B84 /* AddPlayerNoteSheet.swift */ = {isa = PBXFileReference; lastKnownFileType = sourcecode.swift; path = AddPlayerNoteSheet.swift; sourceTree = "<group>"; };
		53B03D40B2468D26075E6590 /* TournamentCreateView.swift */ = {isa = PBXFileReference; lastKnownFileType = sourcecode.swift; path = TournamentCreateView.swift; sourceTree = "<group>"; };
		5F7C90C7F8361AD719882689 /* HardCodedStrings.swift */ = {isa = PBXFileReference; lastKnownFileType = sourcecode.swift; path = HardCodedStrings.swift; sourceTree = "<group>"; };
		604200C03C727C2AD4A3F47E /* PlanExplanation.swift */ = {isa = PBXFileReference; lastKnownFileType = sourcecode.swift; path = PlanExplanation.swift; sourceTree = "<group>"; };
		63A8963D6167FAD62CA951AE /* FoodOption.swift */ = {isa = PBXFileReference; lastKnownFileType = sourcecode.swift; path = FoodOption.swift; sourceTree = "<group>"; };
		6875C4796F43648E1662DF99 /* FoodOptionDeck.swift */ = {isa = PBXFileReference; lastKnownFileType = sourcecode.swift; path = FoodOptionDeck.swift; sourceTree = "<group>"; };
		69BBF845F5375EDF3A918595 /* PlayerNote.swift */ = {isa = PBXFileReference; lastKnownFileType = sourcecode.swift; path = PlayerNote.swift; sourceTree = "<group>"; };
		6D96F83E7074B58BC6365756 /* MatchType.swift */ = {isa = PBXFileReference; lastKnownFileType = sourcecode.swift; path = MatchType.swift; sourceTree = "<group>"; };
		6EAA16931681674D75171D1C /* SettingsView.swift */ = {isa = PBXFileReference; lastKnownFileType = sourcecode.swift; path = SettingsView.swift; sourceTree = "<group>"; };
		6F52B449265DCBA14E961E95 /* WeatherCardView.swift */ = {isa = PBXFileReference; lastKnownFileType = sourcecode.swift; path = WeatherCardView.swift; sourceTree = "<group>"; };
		70BF0082191F5875F4925374 /* NextAction.swift */ = {isa = PBXFileReference; lastKnownFileType = sourcecode.swift; path = NextAction.swift; sourceTree = "<group>"; };
		733A9D96157E16CBB306C4EC /* FoodCardView.swift */ = {isa = PBXFileReference; lastKnownFileType = sourcecode.swift; path = FoodCardView.swift; sourceTree = "<group>"; };
		75BD8523CE3798434A447923 /* APIError.swift */ = {isa = PBXFileReference; lastKnownFileType = sourcecode.swift; path = APIError.swift; sourceTree = "<group>"; };
		76DABD1D9959D5B47FF1F2AF /* DTOs.swift */ = {isa = PBXFileReference; lastKnownFileType = sourcecode.swift; path = DTOs.swift; sourceTree = "<group>"; };
		796A0EDD57748854929E6897 /* TimelineEvent.swift */ = {isa = PBXFileReference; lastKnownFileType = sourcecode.swift; path = TimelineEvent.swift; sourceTree = "<group>"; };
		796C90DE79114D10A2A9C48F /* PlayerListView.swift */ = {isa = PBXFileReference; lastKnownFileType = sourcecode.swift; path = PlayerListView.swift; sourceTree = "<group>"; };
		7AA1056118881B500B10D7BB /* FakeHistoryData.swift */ = {isa = PBXFileReference; lastKnownFileType = sourcecode.swift; path = FakeHistoryData.swift; sourceTree = "<group>"; };
		7E1765305F0E1FFE9661C32E /* FakeData.swift */ = {isa = PBXFileReference; lastKnownFileType = sourcecode.swift; path = FakeData.swift; sourceTree = "<group>"; };
		85B0D0628C8AC1E5CB21A121 /* Plan.swift */ = {isa = PBXFileReference; lastKnownFileType = sourcecode.swift; path = Plan.swift; sourceTree = "<group>"; };
		862CADD50A9CC07C2D119E36 /* Player.swift */ = {isa = PBXFileReference; lastKnownFileType = sourcecode.swift; path = Player.swift; sourceTree = "<group>"; };
		87AE661B091859A7E90E4C6A /* NextActionCard.swift */ = {isa = PBXFileReference; lastKnownFileType = sourcecode.swift; path = NextActionCard.swift; sourceTree = "<group>"; };
		922C1380076B2C68DB6A93B7 /* WeatherSheet.swift */ = {isa = PBXFileReference; lastKnownFileType = sourcecode.swift; path = WeatherSheet.swift; sourceTree = "<group>"; };
		97EE09FACD903FC03D6523BF /* EmergencyBanner.swift */ = {isa = PBXFileReference; lastKnownFileType = sourcecode.swift; path = EmergencyBanner.swift; sourceTree = "<group>"; };
		991155E14F8B59AFBB8A3C68 /* TournamentHistoryDetailSheet.swift */ = {isa = PBXFileReference; lastKnownFileType = sourcecode.swift; path = TournamentHistoryDetailSheet.swift; sourceTree = "<group>"; };
		9955DC10D597BB485D282CDF /* FoodOptionDetailSheet.swift */ = {isa = PBXFileReference; lastKnownFileType = sourcecode.swift; path = FoodOptionDetailSheet.swift; sourceTree = "<group>"; };
		9E2B10F17E16DE736E6B5A59 /* MatchEvalResult.swift */ = {isa = PBXFileReference; lastKnownFileType = sourcecode.swift; path = MatchEvalResult.swift; sourceTree = "<group>"; };
		A30AE19CFED4698BCC9E569E /* TournamentListView.swift */ = {isa = PBXFileReference; lastKnownFileType = sourcecode.swift; path = TournamentListView.swift; sourceTree = "<group>"; };
		A7B07537E35072C03DA3414D /* DisclaimerView.swift */ = {isa = PBXFileReference; lastKnownFileType = sourcecode.swift; path = DisclaimerView.swift; sourceTree = "<group>"; };
		A90EDC8DE31DF2989BEB0A3E /* APIClient.swift */ = {isa = PBXFileReference; lastKnownFileType = sourcecode.swift; path = APIClient.swift; sourceTree = "<group>"; };
		A9B7931432AD11CC2E5F6FB1 /* CalendarMonthGrid.swift */ = {isa = PBXFileReference; lastKnownFileType = sourcecode.swift; path = CalendarMonthGrid.swift; sourceTree = "<group>"; };
		AB7090F3FCDB10326A70336B /* KeychainStore.swift */ = {isa = PBXFileReference; lastKnownFileType = sourcecode.swift; path = KeychainStore.swift; sourceTree = "<group>"; };
		AB91EF7D1C39218BE3F841E3 /* User.swift */ = {isa = PBXFileReference; lastKnownFileType = sourcecode.swift; path = User.swift; sourceTree = "<group>"; };
		ACAA8888F2AD6600C40071F4 /* VenueMapSheet.swift */ = {isa = PBXFileReference; lastKnownFileType = sourcecode.swift; path = VenueMapSheet.swift; sourceTree = "<group>"; };
		AE76F905584434E9D20721B7 /* PlayFuelApp.swift */ = {isa = PBXFileReference; lastKnownFileType = sourcecode.swift; path = PlayFuelApp.swift; sourceTree = "<group>"; };
		B4CA646C436B2CBFBB301918 /* MatchDetailView.swift */ = {isa = PBXFileReference; lastKnownFileType = sourcecode.swift; path = MatchDetailView.swift; sourceTree = "<group>"; };
		BA6EA336A6452F24FB5DAC8E /* DebugAuth.swift */ = {isa = PBXFileReference; lastKnownFileType = sourcecode.swift; path = DebugAuth.swift; sourceTree = "<group>"; };
		BF17BA3D5E76F4AF68C9C330 /* HeatGuidanceSheet.swift */ = {isa = PBXFileReference; lastKnownFileType = sourcecode.swift; path = HeatGuidanceSheet.swift; sourceTree = "<group>"; };
		C0F3B51EFA4B3E46BB9BB003 /* Assets.xcassets */ = {isa = PBXFileReference; lastKnownFileType = folder.assetcatalog; path = Assets.xcassets; sourceTree = "<group>"; };
		C49C12C1856F7C3097410319 /* PostMatchEvaluationView.swift */ = {isa = PBXFileReference; lastKnownFileType = sourcecode.swift; path = PostMatchEvaluationView.swift; sourceTree = "<group>"; };
		C54BACD0249D1B9D78BC7177 /* ScenarioCardView.swift */ = {isa = PBXFileReference; lastKnownFileType = sourcecode.swift; path = ScenarioCardView.swift; sourceTree = "<group>"; };
		CA0D016A6E8FAAC7A7465B28 /* AuthService.swift */ = {isa = PBXFileReference; lastKnownFileType = sourcecode.swift; path = AuthService.swift; sourceTree = "<group>"; };
		CA7E7E4D672B8D8EF7796C33 /* PlanSummarySheet.swift */ = {isa = PBXFileReference; lastKnownFileType = sourcecode.swift; path = PlanSummarySheet.swift; sourceTree = "<group>"; };
		D79888F3E040BD239741B1D5 /* Tournament.swift */ = {isa = PBXFileReference; lastKnownFileType = sourcecode.swift; path = Tournament.swift; sourceTree = "<group>"; };
		D8B8C49E5F68715067FCA8A2 /* DashboardView.swift */ = {isa = PBXFileReference; lastKnownFileType = sourcecode.swift; path = DashboardView.swift; sourceTree = "<group>"; };
		DE33ACDB9D45D319F859366D /* AppState.swift */ = {isa = PBXFileReference; lastKnownFileType = sourcecode.swift; path = AppState.swift; sourceTree = "<group>"; };
		E1BCAB0EA5098BFC15601319 /* TournamentDashboardView.swift */ = {isa = PBXFileReference; lastKnownFileType = sourcecode.swift; path = TournamentDashboardView.swift; sourceTree = "<group>"; };
		EA04910F6D82636BBE65BCD8 /* PlanEnvelope.swift */ = {isa = PBXFileReference; lastKnownFileType = sourcecode.swift; path = PlanEnvelope.swift; sourceTree = "<group>"; };
		EC59EB7BC5AA3895B189FBF0 /* Repository.swift */ = {isa = PBXFileReference; lastKnownFileType = sourcecode.swift; path = Repository.swift; sourceTree = "<group>"; };
		FFAA6A3A9295F34782002C64 /* SignInView.swift */ = {isa = PBXFileReference; lastKnownFileType = sourcecode.swift; path = SignInView.swift; sourceTree = "<group>"; };
		FB7A0001FB0001FB0001FB01 /* TournamentFeedback.swift */ = {isa = PBXFileReference; lastKnownFileType = sourcecode.swift; path = TournamentFeedback.swift; sourceTree = "<group>"; };
		FB7A0003FB0003FB0003FB03 /* FeedbackChipVocab.swift */ = {isa = PBXFileReference; lastKnownFileType = sourcecode.swift; path = FeedbackChipVocab.swift; sourceTree = "<group>"; };
		FB7A0005FB0005FB0005FB05 /* TournamentFeedbackView.swift */ = {isa = PBXFileReference; lastKnownFileType = sourcecode.swift; path = TournamentFeedbackView.swift; sourceTree = "<group>"; };
/* End PBXFileReference section */

/* Begin PBXGroup section */
		07B6CF12B6034FE7869456D0 /* State */ = {
			isa = PBXGroup;
			children = (
				DE33ACDB9D45D319F859366D /* AppState.swift */,
			);
			path = State;
			sourceTree = "<group>";
		};
		0C892FE70C7DAB0F4C5D654F /* Resources */ = {
			isa = PBXGroup;
			children = (
				C0F3B51EFA4B3E46BB9BB003 /* Assets.xcassets */,
			);
			path = Resources;
			sourceTree = "<group>";
		};
		29D82C8CB2C4286FD1804FE2 = {
			isa = PBXGroup;
			children = (
				0C892FE70C7DAB0F4C5D654F /* Resources */,
				78A4651B7978DCDFB55745FA /* Sources */,
				5D4377B3D0AA929C970F19F5 /* Products */,
			);
			sourceTree = "<group>";
		};
		48DDDC30FF78D9456B1582C7 /* Formatting */ = {
			isa = PBXGroup;
			children = (
				3664B38B5950CB5B75CF66BF /* DateFormatting.swift */,
				02E962C38D7B7C3D6EE1F7F9 /* DurationFormatting.swift */,
			);
			path = Formatting;
			sourceTree = "<group>";
		};
		5D4377B3D0AA929C970F19F5 /* Products */ = {
			isa = PBXGroup;
			children = (
				136FAA9B0E2AACEC604CF6F4 /* PlayFuel.app */,
			);
			name = Products;
			sourceTree = "<group>";
		};
		66B42F8CD0AE47989FF9048E /* Sheets */ = {
			isa = PBXGroup;
			children = (
				522024181581E218BCF78B84 /* AddPlayerNoteSheet.swift */,
				0C49F91D165336D014FD7AD0 /* AddPlayerSheet.swift */,
				9955DC10D597BB485D282CDF /* FoodOptionDetailSheet.swift */,
				BF17BA3D5E76F4AF68C9C330 /* HeatGuidanceSheet.swift */,
				CA7E7E4D672B8D8EF7796C33 /* PlanSummarySheet.swift */,
				22268F84EF76CABF3D6820A4 /* PostMatchEvaluationForm.swift */,
				991155E14F8B59AFBB8A3C68 /* TournamentHistoryDetailSheet.swift */,
				ACAA8888F2AD6600C40071F4 /* VenueMapSheet.swift */,
				922C1380076B2C68DB6A93B7 /* WeatherSheet.swift */,
			);
			path = Sheets;
			sourceTree = "<group>";
		};
		78A4651B7978DCDFB55745FA /* Sources */ = {
			isa = PBXGroup;
			children = (
				BFF2B7FC8A1524A0AAB79621 /* PlayFuel */,
			);
			path = Sources;
			sourceTree = "<group>";
		};
		89B7753550A993180C723D3F /* Models */ = {
			isa = PBXGroup;
			children = (
				63A8963D6167FAD62CA951AE /* FoodOption.swift */,
				167554474528A5A9A530B387 /* FoodSuggestions.swift */,
				2FEF49588955B05641B5EE27 /* Match.swift */,
				9E2B10F17E16DE736E6B5A59 /* MatchEvalResult.swift */,
				14898B66B18811D2A1DDB799 /* MatchEvaluation.swift */,
				6D96F83E7074B58BC6365756 /* MatchType.swift */,
				70BF0082191F5875F4925374 /* NextAction.swift */,
				85B0D0628C8AC1E5CB21A121 /* Plan.swift */,
				EA04910F6D82636BBE65BCD8 /* PlanEnvelope.swift */,
				604200C03C727C2AD4A3F47E /* PlanExplanation.swift */,
				862CADD50A9CC07C2D119E36 /* Player.swift */,
				69BBF845F5375EDF3A918595 /* PlayerNote.swift */,
				47C8596568CE9349627D7104 /* PlayerNoteSource.swift */,
				438A0DE1A7A9004AAFDE9E5F /* ScenarioPlan.swift */,
				796A0EDD57748854929E6897 /* TimelineEvent.swift */,
				D79888F3E040BD239741B1D5 /* Tournament.swift */,
				425EE5CF82673E4481137A43 /* TournamentHistoryEntry.swift */,
				FB7A0001FB0001FB0001FB01 /* TournamentFeedback.swift */,
				FB7A0003FB0003FB0003FB03 /* FeedbackChipVocab.swift */,
				AB91EF7D1C39218BE3F841E3 /* User.swift */,
				0F4040044218FFA05AEED04B /* WeatherSnapshot.swift */,
			);
			path = Models;
			sourceTree = "<group>";
		};
		BC3495D7BC1F74A3C675CB90 /* Networking */ = {
			isa = PBXGroup;
			children = (
				A90EDC8DE31DF2989BEB0A3E /* APIClient.swift */,
				75BD8523CE3798434A447923 /* APIError.swift */,
				CA0D016A6E8FAAC7A7465B28 /* AuthService.swift */,
				BA6EA336A6452F24FB5DAC8E /* DebugAuth.swift */,
				76DABD1D9959D5B47FF1F2AF /* DTOs.swift */,
				0CD5E9D4E0FA822FA31182B2 /* Endpoints.swift */,
				AB7090F3FCDB10326A70336B /* KeychainStore.swift */,
				EC59EB7BC5AA3895B189FBF0 /* Repository.swift */,
			);
			path = Networking;
			sourceTree = "<group>";
		};
		BC5A968F7E2A2EAB0E1E7401 /* Data */ = {
			isa = PBXGroup;
			children = (
				7E1765305F0E1FFE9661C32E /* FakeData.swift */,
				7AA1056118881B500B10D7BB /* FakeHistoryData.swift */,
				5F7C90C7F8361AD719882689 /* HardCodedStrings.swift */,
			);
			path = Data;
			sourceTree = "<group>";
		};
		BFF2B7FC8A1524A0AAB79621 /* PlayFuel */ = {
			isa = PBXGroup;
			children = (
				4721B1139B643E63A8FB6C01 /* Configuration.swift */,
				AE76F905584434E9D20721B7 /* PlayFuelApp.swift */,
				BC5A968F7E2A2EAB0E1E7401 /* Data */,
				48DDDC30FF78D9456B1582C7 /* Formatting */,
				89B7753550A993180C723D3F /* Models */,
				BC3495D7BC1F74A3C675CB90 /* Networking */,
				07B6CF12B6034FE7869456D0 /* State */,
				FC03F95BFCD60E783DEA636C /* Views */,
			);
			path = PlayFuel;
			sourceTree = "<group>";
		};
		FC03F95BFCD60E783DEA636C /* Views */ = {
			isa = PBXGroup;
			children = (
				A9B7931432AD11CC2E5F6FB1 /* CalendarMonthGrid.swift */,
				D8B8C49E5F68715067FCA8A2 /* DashboardView.swift */,
				A7B07537E35072C03DA3414D /* DisclaimerView.swift */,
				97EE09FACD903FC03D6523BF /* EmergencyBanner.swift */,
				02642E8F6B04C5CAF8B4C451 /* EmergencyStrip.swift */,
				733A9D96157E16CBB306C4EC /* FoodCardView.swift */,
				6875C4796F43648E1662DF99 /* FoodOptionDeck.swift */,
				2DE823954C7D97BDD460461A /* HeaderBubble.swift */,
				127C059AB0E156D9BFF01D52 /* HeaderBubbleRow.swift */,
				499C95E4DF0C4C4D64ABB501 /* MatchCreateView.swift */,
				B4CA646C436B2CBFBB301918 /* MatchDetailView.swift */,
				87AE661B091859A7E90E4C6A /* NextActionCard.swift */,
				30B0C6A0B70E723E8BA64E6D /* PlanSummaryCard.swift */,
				1CA25A481D0E08A294CA9AE4 /* PlayerDetailView.swift */,
				796C90DE79114D10A2A9C48F /* PlayerListView.swift */,
				C49C12C1856F7C3097410319 /* PostMatchEvaluationView.swift */,
				2C9ECAECD87FA6EC473542CE /* ProfileMenuSheet.swift */,
				C54BACD0249D1B9D78BC7177 /* ScenarioCardView.swift */,
				016BE8196E49B913F0050A0F /* ScheduleStripView.swift */,
				6EAA16931681674D75171D1C /* SettingsView.swift */,
				FFAA6A3A9295F34782002C64 /* SignInView.swift */,
				14F6A58B35CC45E975FBC588 /* TimelineView.swift */,
				53B03D40B2468D26075E6590 /* TournamentCreateView.swift */,
				E1BCAB0EA5098BFC15601319 /* TournamentDashboardView.swift */,
				FB7A0005FB0005FB0005FB05 /* TournamentFeedbackView.swift */,
				A30AE19CFED4698BCC9E569E /* TournamentListView.swift */,
				14AD865505C2D57B7FD200FE /* VenueSearchViewModel.swift */,
				6F52B449265DCBA14E961E95 /* WeatherCardView.swift */,
				66B42F8CD0AE47989FF9048E /* Sheets */,
			);
			path = Views;
			sourceTree = "<group>";
		};
/* End PBXGroup section */

/* Begin PBXNativeTarget section */
		F1CFB326231E4D915F036712 /* PlayFuel */ = {
			isa = PBXNativeTarget;
			buildConfigurationList = 3F3284AB944F57467EADBAC7 /* Build configuration list for PBXNativeTarget "PlayFuel" */;
			buildPhases = (
				B63D3A3FE1D888AB9FE409DA /* Sources */,
				68EA274995D2F03AD5E5AE26 /* Resources */,
			);
			buildRules = (
			);
			dependencies = (
			);
			name = PlayFuel;
			packageProductDependencies = (
			);
			productName = PlayFuel;
			productReference = 136FAA9B0E2AACEC604CF6F4 /* PlayFuel.app */;
			productType = "com.apple.product-type.application";
		};
/* End PBXNativeTarget section */

/* Begin PBXProject section */
		A4CA6B3942C96457AAA450D9 /* Project object */ = {
			isa = PBXProject;
			attributes = {
				BuildIndependentTargetsInParallel = YES;
				LastUpgradeCheck = 1430;
				TargetAttributes = {
					F1CFB326231E4D915F036712 = {
						DevelopmentTeam = G89TZ927TJ;
						ProvisioningStyle = Automatic;
					};
				};
			};
			buildConfigurationList = F4DD673A4B0C89B921059979 /* Build configuration list for PBXProject "PlayFuel" */;
			developmentRegion = en;
			hasScannedForEncodings = 0;
			knownRegions = (
				Base,
				en,
			);
			mainGroup = 29D82C8CB2C4286FD1804FE2;
			minimizedProjectReferenceProxies = 1;
			preferredProjectObjectVersion = 77;
			productRefGroup = 5D4377B3D0AA929C970F19F5 /* Products */;
			projectDirPath = "";
			projectRoot = "";
			targets = (
				F1CFB326231E4D915F036712 /* PlayFuel */,
			);
		};
/* End PBXProject section */

/* Begin PBXResourcesBuildPhase section */
		68EA274995D2F03AD5E5AE26 /* Resources */ = {
			isa = PBXResourcesBuildPhase;
			buildActionMask = 2147483647;
			files = (
				892D3B685B34014072BEE9FE /* Assets.xcassets in Resources */,
			);
			runOnlyForDeploymentPostprocessing = 0;
		};
/* End PBXResourcesBuildPhase section */

/* Begin PBXSourcesBuildPhase section */
		B63D3A3FE1D888AB9FE409DA /* Sources */ = {
			isa = PBXSourcesBuildPhase;
			buildActionMask = 2147483647;
			files = (
				70762A9A6832EF3E24E150ED /* APIClient.swift in Sources */,
				2515717BE346CDFB3E25B9DC /* APIError.swift in Sources */,
				9AC09ABC0BC199E58F64FCCF /* AddPlayerNoteSheet.swift in Sources */,
				45C6AA1C7A8DAD4F0650A4F4 /* AddPlayerSheet.swift in Sources */,
				E18EBD023A7B6F06606D1C78 /* AppState.swift in Sources */,
				22D3F3A459353D91423F53F9 /* AuthService.swift in Sources */,
				8182B00AFEBC06AF8344B44F /* CalendarMonthGrid.swift in Sources */,
				B814A0A0B5FD265771CD010E /* Configuration.swift in Sources */,
				20D42EFDD419A10C3EFB3F22 /* DTOs.swift in Sources */,
				8B49A41A78A8D0FE27E2983A /* DashboardView.swift in Sources */,
				19D4DAEEEE9A719DCEC7B31F /* DateFormatting.swift in Sources */,
				08657BC986D100C7B3F57DEA /* DebugAuth.swift in Sources */,
				BAE452A692D9D36BF40BA429 /* DisclaimerView.swift in Sources */,
				42DD6CB67DB7F41B2A5EBE82 /* DurationFormatting.swift in Sources */,
				BF90BA9A227446C650B84BBC /* EmergencyBanner.swift in Sources */,
				C73979F344F37C5E277C5CB4 /* EmergencyStrip.swift in Sources */,
				DA01C6EF112E562C54A53462 /* Endpoints.swift in Sources */,
				E02994AE32CE3A6CB4DFCD83 /* FakeData.swift in Sources */,
				F08AB6386E9B428415CFACEE /* FakeHistoryData.swift in Sources */,
				D3E6C151169F080F6D22709E /* FoodCardView.swift in Sources */,
				2819CB8C07935F8521876AB7 /* FoodOption.swift in Sources */,
				4D6CC455A4188B1593FE356E /* FoodOptionDeck.swift in Sources */,
				397694D5FB5BA9A45705FAAC /* FoodOptionDetailSheet.swift in Sources */,
				594BAD918395739BC5EE0F4D /* FoodSuggestions.swift in Sources */,
				7E3B9CBD99D512F8AD4C03F8 /* HardCodedStrings.swift in Sources */,
				951C2F103A97104D13602E36 /* HeaderBubble.swift in Sources */,
				53633148B95912E6B5B3710B /* HeaderBubbleRow.swift in Sources */,
				D95F7A194211A1EBF8B76B70 /* HeatGuidanceSheet.swift in Sources */,
				D80D0DD80AA05237B50B4F1E /* KeychainStore.swift in Sources */,
				3E6C828C968501222BF5227C /* Match.swift in Sources */,
				B140B06C66624EEFECF166DD /* MatchCreateView.swift in Sources */,
				C9C3763641655A80CF6B6738 /* MatchDetailView.swift in Sources */,
				7BF953FBC0667E5534DB79DE /* MatchEvalResult.swift in Sources */,
				89F13257D22AE3296DFCC17B /* MatchEvaluation.swift in Sources */,
				7BCACE5DEF66F8FC3EA7A502 /* MatchType.swift in Sources */,
				D9232DFF26652638DC77BAEE /* NextAction.swift in Sources */,
				2920D9C0EC80DD967DC708AE /* NextActionCard.swift in Sources */,
				6115DE510C6D96BC011BF18C /* Plan.swift in Sources */,
				66FFF482497A46309998BE6A /* PlanEnvelope.swift in Sources */,
				5547E735DB3706C7244A7034 /* PlanExplanation.swift in Sources */,
				9F13CB35D1297C00EF2B82E7 /* PlanSummaryCard.swift in Sources */,
				B0F7DB227B03E0F881D70FEB /* PlanSummarySheet.swift in Sources */,
				5C3C77FEAE066B90F5AB2AAB /* PlayFuelApp.swift in Sources */,
				6F4ECC8433D370F74FD06163 /* Player.swift in Sources */,
				801F71E80E53509C97C1D48E /* PlayerDetailView.swift in Sources */,
				23A655A39FDFB9F68914E2CD /* PlayerListView.swift in Sources */,
				C8152FEEA136107F0A89857E /* PlayerNote.swift in Sources */,
				B950B014A8C2B645EC8B22E6 /* PlayerNoteSource.swift in Sources */,
				5E407EEDF104F778EBEF8F59 /* PostMatchEvaluationForm.swift in Sources */,
				4DDC6A6679CE7E28FA9E54A3 /* PostMatchEvaluationView.swift in Sources */,
				165CF9056F06AB6A625CF89C /* ProfileMenuSheet.swift in Sources */,
				78A360B065D2EED8FA426E92 /* Repository.swift in Sources */,
				87627F03F9204B08F2A8C970 /* ScenarioCardView.swift in Sources */,
				B612304F8385D746BAB63507 /* ScenarioPlan.swift in Sources */,
				0C94EC3417661DD54515D1C7 /* ScheduleStripView.swift in Sources */,
				26383E81BED87E250ECACB0B /* SettingsView.swift in Sources */,
				1C14B6E345DEBE8847E9C5B8 /* SignInView.swift in Sources */,
				ADF44C64562D35C64E107F79 /* TimelineEvent.swift in Sources */,
				00858D2D2AAAB084FAE5B6F1 /* TimelineView.swift in Sources */,
				A40238D231C23EA61E02A1D5 /* Tournament.swift in Sources */,
				CA3285505E0E15A784AF51FE /* TournamentCreateView.swift in Sources */,
				F595DE549B9CF77D38C5A898 /* TournamentDashboardView.swift in Sources */,
				FB7A0006FB0006FB0006FB06 /* TournamentFeedbackView.swift in Sources */,
				C6DC4150F2A321008A3FA599 /* TournamentHistoryDetailSheet.swift in Sources */,
				F4934C69B355BA6AEB2D58FF /* TournamentHistoryEntry.swift in Sources */,
				FB7A0002FB0002FB0002FB02 /* TournamentFeedback.swift in Sources */,
				FB7A0004FB0004FB0004FB04 /* FeedbackChipVocab.swift in Sources */,
				FFAF17FE91EC910ABF295107 /* TournamentListView.swift in Sources */,
				B48E8CF5C50296DC00C411DF /* User.swift in Sources */,
				AB4AD8483F9892622D4AAD1C /* VenueMapSheet.swift in Sources */,
				2AA01CAF4D5BDAC4010362F0 /* VenueSearchViewModel.swift in Sources */,
				ED783DB00779757DDC31488C /* WeatherCardView.swift in Sources */,
				49F5D0C77D8EF04341F37CA5 /* WeatherSheet.swift in Sources */,
				AD64452F4938CC50EAFAB031 /* WeatherSnapshot.swift in Sources */,
			);
			runOnlyForDeploymentPostprocessing = 0;
		};
/* End PBXSourcesBuildPhase section */

/* Begin XCBuildConfiguration section */
		19DA76B84CB4F7D86B1F59AE /* Release */ = {
			isa = XCBuildConfiguration;
			buildSettings = {
				ASSETCATALOG_COMPILER_APPICON_NAME = AppIcon;
				CODE_SIGN_ENTITLEMENTS = Resources/PlayFuel.entitlements;
				CODE_SIGN_IDENTITY = "iPhone Developer";
				CODE_SIGN_STYLE = Automatic;
				DEVELOPMENT_TEAM = G89TZ927TJ;
				ENABLE_PREVIEWS = YES;
				GENERATE_INFOPLIST_FILE = NO;
				INFOPLIST_FILE = Resources/Info.plist;
				IPHONEOS_DEPLOYMENT_TARGET = 17.0;
				LD_RUNPATH_SEARCH_PATHS = (
					"$(inherited)",
					"@executable_path/Frameworks",
				);
				PRODUCT_BUNDLE_IDENTIFIER = com.playfuel.ios;
				SDKROOT = iphoneos;
				SWIFT_VERSION = 5.9;
				TARGETED_DEVICE_FAMILY = 1;
			};
			name = Release;
		};
		294037A637B447DE8E194CDA /* Release */ = {
			isa = XCBuildConfiguration;
			buildSettings = {
				ALWAYS_SEARCH_USER_PATHS = NO;
				CLANG_ANALYZER_NONNULL = YES;
				CLANG_ANALYZER_NUMBER_OBJECT_CONVERSION = YES_AGGRESSIVE;
				CLANG_CXX_LANGUAGE_STANDARD = "gnu++14";
				CLANG_CXX_LIBRARY = "libc++";
				CLANG_ENABLE_MODULES = YES;
				CLANG_ENABLE_OBJC_ARC = YES;
				CLANG_ENABLE_OBJC_WEAK = YES;
				CLANG_WARN_BLOCK_CAPTURE_AUTORELEASING = YES;
				CLANG_WARN_BOOL_CONVERSION = YES;
				CLANG_WARN_COMMA = YES;
				CLANG_WARN_CONSTANT_CONVERSION = YES;
				CLANG_WARN_DEPRECATED_OBJC_IMPLEMENTATIONS = YES;
				CLANG_WARN_DIRECT_OBJC_ISA_USAGE = YES_ERROR;
				CLANG_WARN_DOCUMENTATION_COMMENTS = YES;
				CLANG_WARN_EMPTY_BODY = YES;
				CLANG_WARN_ENUM_CONVERSION = YES;
				CLANG_WARN_INFINITE_RECURSION = YES;
				CLANG_WARN_INT_CONVERSION = YES;
				CLANG_WARN_NON_LITERAL_NULL_CONVERSION = YES;
				CLANG_WARN_OBJC_IMPLICIT_RETAIN_SELF = YES;
				CLANG_WARN_OBJC_LITERAL_CONVERSION = YES;
				CLANG_WARN_OBJC_ROOT_CLASS = YES_ERROR;
				CLANG_WARN_QUOTED_INCLUDE_IN_FRAMEWORK_HEADER = YES;
				CLANG_WARN_RANGE_LOOP_ANALYSIS = YES;
				CLANG_WARN_STRICT_PROTOTYPES = YES;
				CLANG_WARN_SUSPICIOUS_MOVE = YES;
				CLANG_WARN_UNGUARDED_AVAILABILITY = YES_AGGRESSIVE;
				CLANG_WARN_UNREACHABLE_CODE = YES;
				CLANG_WARN__DUPLICATE_METHOD_MATCH = YES;
				COPY_PHASE_STRIP = NO;
				DEBUG_INFORMATION_FORMAT = "dwarf-with-dsym";
				ENABLE_NS_ASSERTIONS = NO;
				ENABLE_STRICT_OBJC_MSGSEND = YES;
				GCC_C_LANGUAGE_STANDARD = gnu11;
				GCC_NO_COMMON_BLOCKS = YES;
				GCC_WARN_64_TO_32_BIT_CONVERSION = YES;
				GCC_WARN_ABOUT_RETURN_TYPE = YES_ERROR;
				GCC_WARN_UNDECLARED_SELECTOR = YES;
				GCC_WARN_UNINITIALIZED_AUTOS = YES_AGGRESSIVE;
				GCC_WARN_UNUSED_FUNCTION = YES;
				GCC_WARN_UNUSED_VARIABLE = YES;
				IPHONEOS_DEPLOYMENT_TARGET = 17.0;
				MTL_ENABLE_DEBUG_INFO = NO;
				MTL_FAST_MATH = YES;
				PRODUCT_NAME = "$(TARGET_NAME)";
				SDKROOT = iphoneos;
				SWIFT_COMPILATION_MODE = wholemodule;
				SWIFT_OPTIMIZATION_LEVEL = "-O";
				SWIFT_VERSION = 5.0;
			};
			name = Release;
		};
		6851037EA10EC8853B946D50 /* Debug */ = {
			isa = XCBuildConfiguration;
			buildSettings = {
				ASSETCATALOG_COMPILER_APPICON_NAME = AppIcon;
				CODE_SIGN_ENTITLEMENTS = Resources/PlayFuel.entitlements;
				CODE_SIGN_IDENTITY = "iPhone Developer";
				CODE_SIGN_STYLE = Automatic;
				DEVELOPMENT_TEAM = G89TZ927TJ;
				ENABLE_PREVIEWS = YES;
				GENERATE_INFOPLIST_FILE = NO;
				INFOPLIST_FILE = Resources/Info.plist;
				IPHONEOS_DEPLOYMENT_TARGET = 17.0;
				LD_RUNPATH_SEARCH_PATHS = (
					"$(inherited)",
					"@executable_path/Frameworks",
				);
				PRODUCT_BUNDLE_IDENTIFIER = com.playfuel.ios;
				SDKROOT = iphoneos;
				SWIFT_VERSION = 5.9;
				TARGETED_DEVICE_FAMILY = 1;
			};
			name = Debug;
		};
		F9B15677228D23F66138CE35 /* Debug */ = {
			isa = XCBuildConfiguration;
			buildSettings = {
				ALWAYS_SEARCH_USER_PATHS = NO;
				CLANG_ANALYZER_NONNULL = YES;
				CLANG_ANALYZER_NUMBER_OBJECT_CONVERSION = YES_AGGRESSIVE;
				CLANG_CXX_LANGUAGE_STANDARD = "gnu++14";
				CLANG_CXX_LIBRARY = "libc++";
				CLANG_ENABLE_MODULES = YES;
				CLANG_ENABLE_OBJC_ARC = YES;
				CLANG_ENABLE_OBJC_WEAK = YES;
				CLANG_WARN_BLOCK_CAPTURE_AUTORELEASING = YES;
				CLANG_WARN_BOOL_CONVERSION = YES;
				CLANG_WARN_COMMA = YES;
				CLANG_WARN_CONSTANT_CONVERSION = YES;
				CLANG_WARN_DEPRECATED_OBJC_IMPLEMENTATIONS = YES;
				CLANG_WARN_DIRECT_OBJC_ISA_USAGE = YES_ERROR;
				CLANG_WARN_DOCUMENTATION_COMMENTS = YES;
				CLANG_WARN_EMPTY_BODY = YES;
				CLANG_WARN_ENUM_CONVERSION = YES;
				CLANG_WARN_INFINITE_RECURSION = YES;
				CLANG_WARN_INT_CONVERSION = YES;
				CLANG_WARN_NON_LITERAL_NULL_CONVERSION = YES;
				CLANG_WARN_OBJC_IMPLICIT_RETAIN_SELF = YES;
				CLANG_WARN_OBJC_LITERAL_CONVERSION = YES;
				CLANG_WARN_OBJC_ROOT_CLASS = YES_ERROR;
				CLANG_WARN_QUOTED_INCLUDE_IN_FRAMEWORK_HEADER = YES;
				CLANG_WARN_RANGE_LOOP_ANALYSIS = YES;
				CLANG_WARN_STRICT_PROTOTYPES = YES;
				CLANG_WARN_SUSPICIOUS_MOVE = YES;
				CLANG_WARN_UNGUARDED_AVAILABILITY = YES_AGGRESSIVE;
				CLANG_WARN_UNREACHABLE_CODE = YES;
				CLANG_WARN__DUPLICATE_METHOD_MATCH = YES;
				COPY_PHASE_STRIP = NO;
				DEBUG_INFORMATION_FORMAT = dwarf;
				ENABLE_STRICT_OBJC_MSGSEND = YES;
				ENABLE_TESTABILITY = YES;
				GCC_C_LANGUAGE_STANDARD = gnu11;
				GCC_DYNAMIC_NO_PIC = NO;
				GCC_NO_COMMON_BLOCKS = YES;
				GCC_OPTIMIZATION_LEVEL = 0;
				GCC_PREPROCESSOR_DEFINITIONS = (
					"$(inherited)",
					"DEBUG=1",
				);
				GCC_WARN_64_TO_32_BIT_CONVERSION = YES;
				GCC_WARN_ABOUT_RETURN_TYPE = YES_ERROR;
				GCC_WARN_UNDECLARED_SELECTOR = YES;
				GCC_WARN_UNINITIALIZED_AUTOS = YES_AGGRESSIVE;
				GCC_WARN_UNUSED_FUNCTION = YES;
				GCC_WARN_UNUSED_VARIABLE = YES;
				IPHONEOS_DEPLOYMENT_TARGET = 17.0;
				MTL_ENABLE_DEBUG_INFO = INCLUDE_SOURCE;
				MTL_FAST_MATH = YES;
				ONLY_ACTIVE_ARCH = YES;
				PRODUCT_NAME = "$(TARGET_NAME)";
				SDKROOT = iphoneos;
				SWIFT_ACTIVE_COMPILATION_CONDITIONS = DEBUG;
				SWIFT_OPTIMIZATION_LEVEL = "-Onone";
				SWIFT_VERSION = 5.0;
			};
			name = Debug;
		};
/* End XCBuildConfiguration section */

/* Begin XCConfigurationList section */
		3F3284AB944F57467EADBAC7 /* Build configuration list for PBXNativeTarget "PlayFuel" */ = {
			isa = XCConfigurationList;
			buildConfigurations = (
				6851037EA10EC8853B946D50 /* Debug */,
				19DA76B84CB4F7D86B1F59AE /* Release */,
			);
			defaultConfigurationIsVisible = 0;
			defaultConfigurationName = Debug;
		};
		F4DD673A4B0C89B921059979 /* Build configuration list for PBXProject "PlayFuel" */ = {
			isa = XCConfigurationList;
			buildConfigurations = (
				F9B15677228D23F66138CE35 /* Debug */,
				294037A637B447DE8E194CDA /* Release */,
			);
			defaultConfigurationIsVisible = 0;
			defaultConfigurationName = Debug;
		};
/* End XCConfigurationList section */
	};
	rootObject = A4CA6B3942C96457AAA450D9 /* Project object */;
}
